
Microsoft Visual Studio Solution File, Format Version 12.00
# Visual Studio Version 16
VisualStudioVersion = 16.0.29613.14
MinimumVisualStudioVersion = 10.0.40219.1
Project("{FAE04EC0-301F-11D3-BF4B-00C04F79EFBC}") = "Mills_4800", "Mills_4800.csproj", "{AAFCA393-9BC3-4D17-BB13-B4F2CB35FCEF}"
EndProject
Global
	GlobalSection(SolutionConfigurationPlatforms) = preSolution
		Debug|Any CPU = Debug|Any CPU
		Release|Any CPU = Release|Any CPU
	EndGlobalSection
	GlobalSection(ProjectConfigurationPlatforms) = postSolution
		{AAFCA393-9BC3-4D17-BB13-B4F2CB35FCEF}.Debug|Any CPU.ActiveCfg = Debug|Any CPU
		{AAFCA393-9BC3-4D17-BB13-B4F2CB35FCEF}.Debug|Any CPU.Build.0 = Debug|Any CPU
		{AAFCA393-9BC3-4D17-BB13-B4F2CB35FCEF}.Release|Any CPU.ActiveCfg = Release|Any CPU
		{AAFCA393-9BC3-4D17-BB13-B4F2CB35FCEF}.Release|Any CPU.Build.0 = Release|Any CPU
	EndGlobalSection
	GlobalSection(SolutionProperties) = preSolution
		HideSolutionNode = FALSE
	EndGlobalSection
	GlobalSection(ExtensibilityGlobals) = postSolution
		SolutionGuid = {78BA564C-819B-45CF-B4D5-52EE8BFE6CD1}
	EndGlobalSection
EndGlobal
